
Microsoft Visual Studio Solution File, Format Version 11.00
# Visual Studio 2010
# SharpDevelop 5.1
Project("{FAE04EC0-301F-11D3-BF4B-00C04F79EFBC}") = "MapMakerWinform", "MapMakerWinform\MapMakerWinform.csproj", "{E0705E58-86D8-42F7-A8F8-801F4715542F}"
EndProject
Project("{FAE04EC0-301F-11D3-BF4B-00C04F79EFBC}") = "ImageRegionTool", "ImageRegionTool\ImageRegionTool.csproj", "{D3929945-2BA9-4E96-8F68-0A6812163B91}"
EndProject
Project("{FAE04EC0-301F-11D3-BF4B-00C04F79EFBC}") = "PerspectiveTester", "PerspectiveTester\PerspectiveTester.csproj", "{1E052127-2D45-4541-B05D-5C7C1CBA3742}"
EndProject
Global
	GlobalSection(SolutionConfigurationPlatforms) = preSolution
		Debug|Any CPU = Debug|Any CPU
		Release|Any CPU = Release|Any CPU
	EndGlobalSection
	GlobalSection(ProjectConfigurationPlatforms) = postSolution
		{E0705E58-86D8-42F7-A8F8-801F4715542F}.Debug|Any CPU.ActiveCfg = Debug|Any CPU
		{E0705E58-86D8-42F7-A8F8-801F4715542F}.Debug|Any CPU.Build.0 = Debug|Any CPU
		{E0705E58-86D8-42F7-A8F8-801F4715542F}.Release|Any CPU.ActiveCfg = Release|Any CPU
		{E0705E58-86D8-42F7-A8F8-801F4715542F}.Release|Any CPU.Build.0 = Release|Any CPU
		{D3929945-2BA9-4E96-8F68-0A6812163B91}.Debug|Any CPU.ActiveCfg = Debug|Any CPU
		{D3929945-2BA9-4E96-8F68-0A6812163B91}.Debug|Any CPU.Build.0 = Debug|Any CPU
		{D3929945-2BA9-4E96-8F68-0A6812163B91}.Release|Any CPU.ActiveCfg = Release|Any CPU
		{D3929945-2BA9-4E96-8F68-0A6812163B91}.Release|Any CPU.Build.0 = Release|Any CPU
		{1E052127-2D45-4541-B05D-5C7C1CBA3742}.Debug|Any CPU.ActiveCfg = Debug|Any CPU
		{1E052127-2D45-4541-B05D-5C7C1CBA3742}.Debug|Any CPU.Build.0 = Debug|Any CPU
		{1E052127-2D45-4541-B05D-5C7C1CBA3742}.Release|Any CPU.ActiveCfg = Release|Any CPU
		{1E052127-2D45-4541-B05D-5C7C1CBA3742}.Release|Any CPU.Build.0 = Release|Any CPU
	EndGlobalSection
EndGlobal
